
Microsoft Visual Studio Solution File, Format Version 12.00
# Visual Studio 15
VisualStudioVersion = 15.0.28307.421
MinimumVisualStudioVersion = 10.0.40219.1
Project("{FAE04EC0-301F-11D3-BF4B-00C04F79EFBC}") = "Labo2_Oef2", "Labo2_Oef2\Labo2_Oef2.csproj", "{D45247C7-9CE7-4BE2-9E09-36BA34942E70}"
EndProject
Project("{FAE04EC0-301F-11D3-BF4B-00C04F79EFBC}") = "Labo2_Oef3", "Labo2_Oef3\Labo2_Oef3.csproj", "{ECCD2B0B-1897-487F-9553-456EE461D75E}"
EndProject
Global
	GlobalSection(SolutionConfigurationPlatforms) = preSolution
		Debug|Any CPU = Debug|Any CPU
		Release|Any CPU = Release|Any CPU
	EndGlobalSection
	GlobalSection(ProjectConfigurationPlatforms) = postSolution
		{D45247C7-9CE7-4BE2-9E09-36BA34942E70}.Debug|Any CPU.ActiveCfg = Debug|Any CPU
		{D45247C7-9CE7-4BE2-9E09-36BA34942E70}.Debug|Any CPU.Build.0 = Debug|Any CPU
		{D45247C7-9CE7-4BE2-9E09-36BA34942E70}.Release|Any CPU.ActiveCfg = Release|Any CPU
		{D45247C7-9CE7-4BE2-9E09-36BA34942E70}.Release|Any CPU.Build.0 = Release|Any CPU
		{ECCD2B0B-1897-487F-9553-456EE461D75E}.Debug|Any CPU.ActiveCfg = Debug|Any CPU
		{ECCD2B0B-1897-487F-9553-456EE461D75E}.Debug|Any CPU.Build.0 = Debug|Any CPU
		{ECCD2B0B-1897-487F-9553-456EE461D75E}.Release|Any CPU.ActiveCfg = Release|Any CPU
		{ECCD2B0B-1897-487F-9553-456EE461D75E}.Release|Any CPU.Build.0 = Release|Any CPU
	EndGlobalSection
	GlobalSection(SolutionProperties) = preSolution
		HideSolutionNode = FALSE
	EndGlobalSection
	GlobalSection(ExtensibilityGlobals) = postSolution
		SolutionGuid = {641D1324-0AB7-4BFE-ADA2-E865B7D0232F}
	EndGlobalSection
EndGlobal
